{
  "nodes": {
    "nixpkgs": {
      "locked": {
        "lastModified": 1788690626,
        "narHash": "sha256-aVla+xR1lotA4iEMo6ltSr5oKVvWxBZ8Gc9KjbwxJq8=",
        "rev": "c25784012c9982bca5b3e0de87e90bbdac8927d3",
        "type": "tarball",
        "url": "https://releases.nixos.org/nixos/26.05/nixos-26.05.9227.c25784012c99/nixexprs.tar.xz"
      },
      "original": {
        "id": "nixpkgs",
        "ref": "nixos-26.05",
        "type": "indirect"
      }
    },
    "root": {
      "inputs": {
        "nixpkgs": "nixpkgs"
      }
    }
  },
  "root": "root",
  "version": 7
}
