
Microsoft Visual Studio Solution File, Format Version 12.00
# Visual Studio Version 17
VisualStudioVersion = 17.14.36518.9 d17.14
MinimumVisualStudioVersion = 10.0.40219.1
Project("{FAE04EC0-301F-11D3-BF4B-00C04F79EFBC}") = "HADesktopAgent.Windows", "HADesktopAgent.Windows\HADesktopAgent.Windows.csproj", "{1A169A9C-7189-46DC-91CE-54B11FA14213}"
EndProject
Project("{FAE04EC0-301F-11D3-BF4B-00C04F79EFBC}") = "HADesktopAgent.Core", "HADesktopAgent.Core\HADesktopAgent.Core.csproj", "{B2C3D4E5-F6A7-4B8C-9D0E-1F2A3B4C5D6E}"
EndProject
Project("{FAE04EC0-301F-11D3-BF4B-00C04F79EFBC}") = "HADesktopAgent.Linux", "HADesktopAgent.Linux\HADesktopAgent.Linux.csproj", "{C3D4E5F6-A7B8-4C9D-0E1F-2A3B4C5D6E7F}"
EndProject
Global
	GlobalSection(SolutionConfigurationPlatforms) = preSolution
		Debug|Any CPU = Debug|Any CPU
		Release|Any CPU = Release|Any CPU
	EndGlobalSection
	GlobalSection(ProjectConfigurationPlatforms) = postSolution
		{1A169A9C-7189-46DC-91CE-54B11FA14213}.Debug|Any CPU.ActiveCfg = Debug|Any CPU
		{1A169A9C-7189-46DC-91CE-54B11FA14213}.Debug|Any CPU.Build.0 = Debug|Any CPU
		{1A169A9C-7189-46DC-91CE-54B11FA14213}.Release|Any CPU.ActiveCfg = Release|Any CPU
		{1A169A9C-7189-46DC-91CE-54B11FA14213}.Release|Any CPU.Build.0 = Release|Any CPU
		{B2C3D4E5-F6A7-4B8C-9D0E-1F2A3B4C5D6E}.Debug|Any CPU.ActiveCfg = Debug|Any CPU
		{B2C3D4E5-F6A7-4B8C-9D0E-1F2A3B4C5D6E}.Debug|Any CPU.Build.0 = Debug|Any CPU
		{B2C3D4E5-F6A7-4B8C-9D0E-1F2A3B4C5D6E}.Release|Any CPU.ActiveCfg = Release|Any CPU
		{B2C3D4E5-F6A7-4B8C-9D0E-1F2A3B4C5D6E}.Release|Any CPU.Build.0 = Release|Any CPU
		{C3D4E5F6-A7B8-4C9D-0E1F-2A3B4C5D6E7F}.Debug|Any CPU.ActiveCfg = Debug|Any CPU
		{C3D4E5F6-A7B8-4C9D-0E1F-2A3B4C5D6E7F}.Debug|Any CPU.Build.0 = Debug|Any CPU
		{C3D4E5F6-A7B8-4C9D-0E1F-2A3B4C5D6E7F}.Release|Any CPU.ActiveCfg = Release|Any CPU
		{C3D4E5F6-A7B8-4C9D-0E1F-2A3B4C5D6E7F}.Release|Any CPU.Build.0 = Release|Any CPU
	EndGlobalSection
	GlobalSection(SolutionProperties) = preSolution
		HideSolutionNode = FALSE
	EndGlobalSection
	GlobalSection(ExtensibilityGlobals) = postSolution
		SolutionGuid = {14BECBE4-E30C-4CA5-8A28-A4D0CA62EFC7}
	EndGlobalSection
EndGlobal
